// !$*UTF8*$!
{
	archiveVersion = 1;
	classes = {
	};
	objectVersion = 77;
	objects = {

/* Begin PBXBuildFile section */
		42BD6BCD2DD93AB6000A9F6B /* Lottie in Frameworks */ = {isa = PBXBuildFile; productRef = 42BD6BCC2DD93AB6000A9F6B /* Lottie */; };
/* End PBXBuildFile section */

/* Begin PBXContainerItemProxy section */
		42BD6B1A2DD93786000A9F6B /* PBXContainerItemProxy */ = {
			isa = PBXContainerItemProxy;
			containerPortal = 42BD6B042DD93784000A9F6B /* Project object */;
			proxyType = 1;
			remoteGlobalIDString = 42BD6B0B2DD93784000A9F6B;
			remoteInfo = "CardWave - Your Virtual Business Card";
		};
		42BD6B242DD93786000A9F6B /* PBXContainerItemProxy */ = {
			isa = PBXContainerItemProxy;
			containerPortal = 42BD6B042DD93784000A9F6B /* Project object */;
			proxyType = 1;
			remoteGlobalIDString = 42BD6B0B2DD93784000A9F6B;
			remoteInfo = "CardWave - Your Virtual Business Card";
		};
/* End PBXContainerItemProxy section */

/* Begin PBXFileReference section */
		42BD6B0C2DD93784000A9F6B /* CardWave - Your Virtual Business Card.app */ = {isa = PBXFileReference; explicitFileType = wrapper.application; includeInIndex = 0; path = "CardWave - Your Virtual Business Card.app"; sourceTree = BUILT_PRODUCTS_DIR; };
		42BD6B192DD93786000A9F6B /* CardWave - Your Virtual Business CardTests.xctest */ = {isa = PBXFileReference; explicitFileType = wrapper.cfbundle; includeInIndex = 0; path = "CardWave - Your Virtual Business CardTests.xctest"; sourceTree = BUILT_PRODUCTS_DIR; };
		42BD6B232DD93786000A9F6B /* CardWave - Your Virtual Business CardUITests.xctest */ = {isa = PBXFileReference; explicitFileType = wrapper.cfbundle; includeInIndex = 0; path = "CardWave - Your Virtual Business CardUITests.xctest"; sourceTree = BUILT_PRODUCTS_DIR; };
/* End PBXFileReference section */

/* Begin PBXFileSystemSynchronizedRootGroup section */
		42BD6B0E2DD93784000A9F6B /* CardWave - Your Virtual Business Card */ = {
			isa = PBXFileSystemSynchronizedRootGroup;
			path = "CardWave - Your Virtual Business Card";
			sourceTree = "<group>";
		};
		42BD6B1C2DD93786000A9F6B /* CardWave - Your Virtual Business CardTests */ = {
			isa = PBXFileSystemSynchronizedRootGroup;
			path = "CardWave - Your Virtual Business CardTests";
			sourceTree = "<group>";
		};
		42BD6B262DD93786000A9F6B /* CardWave - Your Virtual Business CardUITests */ = {
			isa = PBXFileSystemSynchronizedRootGroup;
			path = "CardWave - Your Virtual Business CardUITests";
			sourceTree = "<group>";
		};
/* End PBXFileSystemSynchronizedRootGroup section */

/* Begin PBXFrameworksBuildPhase section */
		42BD6B092DD93784000A9F6B /* Frameworks */ = {
			isa = PBXFrameworksBuildPhase;
			buildActionMask = 2147483647;
			files = (
				42BD6BCD2DD93AB6000A9F6B /* Lottie in Frameworks */,
			);
			runOnlyForDeploymentPostprocessing = 0;
		};
		42BD6B162DD93786000A9F6B /* Frameworks */ = {
			isa = PBXFrameworksBuildPhase;
			buildActionMask = 2147483647;
			files = (
			);
			runOnlyForDeploymentPostprocessing = 0;
		};
		42BD6B202DD93786000A9F6B /* Frameworks */ = {
			isa = PBXFrameworksBuildPhase;
			buildActionMask = 2147483647;
			files = (
			);
			runOnlyForDeploymentPostprocessing = 0;
		};
/* End PBXFrameworksBuildPhase section */

/* Begin PBXGroup section */
		42BD6B032DD93784000A9F6B = {
			isa = PBXGroup;
			children = (
				42BD6B0E2DD93784000A9F6B /* CardWave - Your Virtual Business Card */,
				42BD6B1C2DD93786000A9F6B /* CardWave - Your Virtual Business CardTests */,
				42BD6B262DD93786000A9F6B /* CardWave - Your Virtual Business CardUITests */,
				42BD6B0D2DD93784000A9F6B /* Products */,
			);
			sourceTree = "<group>";
		};
		42BD6B0D2DD93784000A9F6B /* Products */ = {
			isa = PBXGroup;
			children = (
				42BD6B0C2DD93784000A9F6B /* CardWave - Your Virtual Business Card.app */,
				42BD6B192DD93786000A9F6B /* CardWave - Your Virtual Business CardTests.xctest */,
				42BD6B232DD93786000A9F6B /* CardWave - Your Virtual Business CardUITests.xctest */,
			);
			name = Products;
			sourceTree = "<group>";
		};
/* End PBXGroup section */

/* Begin PBXNativeTarget section */
		42BD6B0B2DD93784000A9F6B /* CardWave - Your Virtual Business Card */ = {
			isa = PBXNativeTarget;
			buildConfigurationList = 42BD6B2D2DD93786000A9F6B /* Build configuration list for PBXNativeTarget "CardWave - Your Virtual Business Card" */;
			buildPhases = (
				42BD6B082DD93784000A9F6B /* Sources */,
				42BD6B092DD93784000A9F6B /* Frameworks */,
				42BD6B0A2DD93784000A9F6B /* Resources */,
			);
			buildRules = (
			);
			dependencies = (
			);
			fileSystemSynchronizedGroups = (
				42BD6B0E2DD93784000A9F6B /* CardWave - Your Virtual Business Card */,
			);
			name = "CardWave - Your Virtual Business Card";
			packageProductDependencies = (
				42BD6BCC2DD93AB6000A9F6B /* Lottie */,
			);
			productName = "CardWave - Your Virtual Business Card";
			productReference = 42BD6B0C2DD93784000A9F6B /* CardWave - Your Virtual Business Card.app */;
			productType = "com.apple.product-type.application";
		};
		42BD6B182DD93786000A9F6B /* CardWave - Your Virtual Business CardTests */ = {
			isa = PBXNativeTarget;
			buildConfigurationList = 42BD6B302DD93786000A9F6B /* Build configuration list for PBXNativeTarget "CardWave - Your Virtual Business CardTests" */;
			buildPhases = (
				42BD6B152DD93786000A9F6B /* Sources */,
				42BD6B162DD93786000A9F6B /* Frameworks */,
				42BD6B172DD93786000A9F6B /* Resources */,
			);
			buildRules = (
			);
			dependencies = (
				42BD6B1B2DD93786000A9F6B /* PBXTargetDependency */,
			);
			fileSystemSynchronizedGroups = (
				42BD6B1C2DD93786000A9F6B /* CardWave - Your Virtual Business CardTests */,
			);
			name = "CardWave - Your Virtual Business CardTests";
			packageProductDependencies = (
			);
			productName = "CardWave - Your Virtual Business CardTests";
			productReference = 42BD6B192DD93786000A9F6B /* CardWave - Your Virtual Business CardTests.xctest */;
			productType = "com.apple.product-type.bundle.unit-test";
		};
		42BD6B222DD93786000A9F6B /* CardWave - Your Virtual Business CardUITests */ = {
			isa = PBXNativeTarget;
			buildConfigurationList = 42BD6B332DD93786000A9F6B /* Build configuration list for PBXNativeTarget "CardWave - Your Virtual Business CardUITests" */;
			buildPhases = (
				42BD6B1F2DD93786000A9F6B /* Sources */,
				42BD6B202DD93786000A9F6B /* Frameworks */,
				42BD6B212DD93786000A9F6B /* Resources */,
			);
			buildRules = (
			);
			dependencies = (
				42BD6B252DD93786000A9F6B /* PBXTargetDependency */,
			);
			fileSystemSynchronizedGroups = (
				42BD6B262DD93786000A9F6B /* CardWave - Your Virtual Business CardUITests */,
			);
			name = "CardWave - Your Virtual Business CardUITests";
			packageProductDependencies = (
			);
			productName = "CardWave - Your Virtual Business CardUITests";
			productReference = 42BD6B232DD93786000A9F6B /* CardWave - Your Virtual Business CardUITests.xctest */;
			productType = "com.apple.product-type.bundle.ui-testing";
		};
/* End PBXNativeTarget section */

/* Begin PBXProject section */
		42BD6B042DD93784000A9F6B /* Project object */ = {
			isa = PBXProject;
			attributes = {
				BuildIndependentTargetsInParallel = 1;
				LastSwiftUpdateCheck = 1630;
				LastUpgradeCheck = 1630;
				TargetAttributes = {
					42BD6B0B2DD93784000A9F6B = {
						CreatedOnToolsVersion = 16.3;
					};
					42BD6B182DD93786000A9F6B = {
						CreatedOnToolsVersion = 16.3;
						TestTargetID = 42BD6B0B2DD93784000A9F6B;
					};
					42BD6B222DD93786000A9F6B = {
						CreatedOnToolsVersion = 16.3;
						TestTargetID = 42BD6B0B2DD93784000A9F6B;
					};
				};
			};
			buildConfigurationList = 42BD6B072DD93784000A9F6B /* Build configuration list for PBXProject "CardWave - Your Virtual Business Card" */;
			developmentRegion = en;
			hasScannedForEncodings = 0;
			knownRegions = (
				en,
				Base,
			);
			mainGroup = 42BD6B032DD93784000A9F6B;
			minimizedProjectReferenceProxies = 1;
			packageReferences = (
				42BD6BCB2DD93AB6000A9F6B /* XCRemoteSwiftPackageReference "lottie-ios" */,
			);
			preferredProjectObjectVersion = 77;
			productRefGroup = 42BD6B0D2DD93784000A9F6B /* Products */;
			projectDirPath = "";
			projectRoot = "";
			targets = (
				42BD6B0B2DD93784000A9F6B /* CardWave - Your Virtual Business Card */,
				42BD6B182DD93786000A9F6B /* CardWave - Your Virtual Business CardTests */,
				42BD6B222DD93786000A9F6B /* CardWave - Your Virtual Business CardUITests */,
			);
		};
/* End PBXProject section */

/* Begin PBXResourcesBuildPhase section */
		42BD6B0A2DD93784000A9F6B /* Resources */ = {
			isa = PBXResourcesBuildPhase;
			buildActionMask = 2147483647;
			files = (
			);
			runOnlyForDeploymentPostprocessing = 0;
		};
		42BD6B172DD93786000A9F6B /* Resources */ = {
			isa = PBXResourcesBuildPhase;
			buildActionMask = 2147483647;
			files = (
			);
			runOnlyForDeploymentPostprocessing = 0;
		};
		42BD6B212DD93786000A9F6B /* Resources */ = {
			isa = PBXResourcesBuildPhase;
			buildActionMask = 2147483647;
			files = (
			);
			runOnlyForDeploymentPostprocessing = 0;
		};
/* End PBXResourcesBuildPhase section */

/* Begin PBXSourcesBuildPhase section */
		42BD6B082DD93784000A9F6B /* Sources */ = {
			isa = PBXSourcesBuildPhase;
			buildActionMask = 2147483647;
			files = (
			);
			runOnlyForDeploymentPostprocessing = 0;
		};
		42BD6B152DD93786000A9F6B /* Sources */ = {
			isa = PBXSourcesBuildPhase;
			buildActionMask = 2147483647;
			files = (
			);
			runOnlyForDeploymentPostprocessing = 0;
		};
		42BD6B1F2DD93786000A9F6B /* Sources */ = {
			isa = PBXSourcesBuildPhase;
			buildActionMask = 2147483647;
			files = (
			);
			runOnlyForDeploymentPostprocessing = 0;
		};
/* End PBXSourcesBuildPhase section */

/* Begin PBXTargetDependency section */
		42BD6B1B2DD93786000A9F6B /* PBXTargetDependency */ = {
			isa = PBXTargetDependency;
			target = 42BD6B0B2DD93784000A9F6B /* CardWave - Your Virtual Business Card */;
			targetProxy = 42BD6B1A2DD93786000A9F6B /* PBXContainerItemProxy */;
		};
		42BD6B252DD93786000A9F6B /* PBXTargetDependency */ = {
			isa = PBXTargetDependency;
			target = 42BD6B0B2DD93784000A9F6B /* CardWave - Your Virtual Business Card */;
			targetProxy = 42BD6B242DD93786000A9F6B /* PBXContainerItemProxy */;
		};
/* End PBXTargetDependency section */

/* Begin XCBuildConfiguration section */
		42BD6B2B2DD93786000A9F6B /* Debug */ = {
			isa = XCBuildConfiguration;
			buildSettings = {
				ALWAYS_SEARCH_USER_PATHS = NO;
				ASSETCATALOG_COMPILER_GENERATE_SWIFT_ASSET_SYMBOL_EXTENSIONS = YES;
				CLANG_ANALYZER_NONNULL = YES;
				CLANG_ANALYZER_NUMBER_OBJECT_CONVERSION = YES_AGGRESSIVE;
				CLANG_CXX_LANGUAGE_STANDARD = "gnu++20";
				CLANG_ENABLE_MODULES = YES;
				CLANG_ENABLE_OBJC_ARC = YES;
				CLANG_ENABLE_OBJC_WEAK = YES;
				CLANG_WARN_BLOCK_CAPTURE_AUTORELEASING = YES;
				CLANG_WARN_BOOL_CONVERSION = YES;
				CLANG_WARN_COMMA = YES;
				CLANG_WARN_CONSTANT_CONVERSION = YES;
				CLANG_WARN_DEPRECATED_OBJC_IMPLEMENTATIONS = YES;
				CLANG_WARN_DIRECT_OBJC_ISA_USAGE = YES_ERROR;
				CLANG_WARN_DOCUMENTATION_COMMENTS = YES;
				CLANG_WARN_EMPTY_BODY = YES;
				CLANG_WARN_ENUM_CONVERSION = YES;
				CLANG_WARN_INFINITE_RECURSION = YES;
				CLANG_WARN_INT_CONVERSION = YES;
				CLANG_WARN_NON_LITERAL_NULL_CONVERSION = YES;
				CLANG_WARN_OBJC_IMPLICIT_RETAIN_SELF = YES;
				CLANG_WARN_OBJC_LITERAL_CONVERSION = YES;
				CLANG_WARN_OBJC_ROOT_CLASS = YES_ERROR;
				CLANG_WARN_QUOTED_INCLUDE_IN_FRAMEWORK_HEADER = YES;
				CLANG_WARN_RANGE_LOOP_ANALYSIS = YES;
				CLANG_WARN_STRICT_PROTOTYPES = YES;
				CLANG_WARN_SUSPICIOUS_MOVE = YES;
				CLANG_WARN_UNGUARDED_AVAILABILITY = YES_AGGRESSIVE;
				CLANG_WARN_UNREACHABLE_CODE = YES;
				CLANG_WARN__DUPLICATE_METHOD_MATCH = YES;
				COPY_PHASE_STRIP = NO;
				DEBUG_INFORMATION_FORMAT = dwarf;
				DEVELOPMENT_TEAM = 73DSYDWFKP;
				ENABLE_STRICT_OBJC_MSGSEND = YES;
				ENABLE_TESTABILITY = YES;
				ENABLE_USER_SCRIPT_SANDBOXING = YES;
				GCC_C_LANGUAGE_STANDARD = gnu17;
				GCC_DYNAMIC_NO_PIC = NO;
				GCC_NO_COMMON_BLOCKS = YES;
				GCC_OPTIMIZATION_LEVEL = 0;
				GCC_PREPROCESSOR_DEFINITIONS = (
					"DEBUG=1",
					"$(inherited)",
				);
				GCC_WARN_64_TO_32_BIT_CONVERSION = YES;
				GCC_WARN_ABOUT_RETURN_TYPE = YES_ERROR;
				GCC_WARN_UNDECLARED_SELECTOR = YES;
				GCC_WARN_UNINITIALIZED_AUTOS = YES_AGGRESSIVE;
				GCC_WARN_UNUSED_FUNCTION = YES;
				GCC_WARN_UNUSED_VARIABLE = YES;
				IPHONEOS_DEPLOYMENT_TARGET = 18.4;
				LOCALIZATION_PREFERS_STRING_CATALOGS = YES;
				MTL_ENABLE_DEBUG_INFO = INCLUDE_SOURCE;
				MTL_FAST_MATH = YES;
				ONLY_ACTIVE_ARCH = YES;
				SDKROOT = iphoneos;
				SWIFT_ACTIVE_COMPILATION_CONDITIONS = "DEBUG $(inherited)";
				SWIFT_OPTIMIZATION_LEVEL = "-Onone";
			};
			name = Debug;
		};
		42BD6B2C2DD93786000A9F6B /* Release */ = {
			isa = XCBuildConfiguration;
			buildSettings = {
				ALWAYS_SEARCH_USER_PATHS = NO;
				ASSETCATALOG_COMPILER_GENERATE_SWIFT_ASSET_SYMBOL_EXTENSIONS = YES;
				CLANG_ANALYZER_NONNULL = YES;
				CLANG_ANALYZER_NUMBER_OBJECT_CONVERSION = YES_AGGRESSIVE;
				CLANG_CXX_LANGUAGE_STANDARD = "gnu++20";
				CLANG_ENABLE_MODULES = YES;
				CLANG_ENABLE_OBJC_ARC = YES;
				CLANG_ENABLE_OBJC_WEAK = YES;
				CLANG_WARN_BLOCK_CAPTURE_AUTORELEASING = YES;
				CLANG_WARN_BOOL_CONVERSION = YES;
				CLANG_WARN_COMMA = YES;
				CLANG_WARN_CONSTANT_CONVERSION = YES;
				CLANG_WARN_DEPRECATED_OBJC_IMPLEMENTATIONS = YES;
				CLANG_WARN_DIRECT_OBJC_ISA_USAGE = YES_ERROR;
				CLANG_WARN_DOCUMENTATION_COMMENTS = YES;
				CLANG_WARN_EMPTY_BODY = YES;
				CLANG_WARN_ENUM_CONVERSION = YES;
				CLANG_WARN_INFINITE_RECURSION = YES;
				CLANG_WARN_INT_CONVERSION = YES;
				CLANG_WARN_NON_LITERAL_NULL_CONVERSION = YES;
				CLANG_WARN_OBJC_IMPLICIT_RETAIN_SELF = YES;
				CLANG_WARN_OBJC_LITERAL_CONVERSION = YES;
				CLANG_WARN_OBJC_ROOT_CLASS = YES_ERROR;
				CLANG_WARN_QUOTED_INCLUDE_IN_FRAMEWORK_HEADER = YES;
				CLANG_WARN_RANGE_LOOP_ANALYSIS = YES;
				CLANG_WARN_STRICT_PROTOTYPES = YES;
				CLANG_WARN_SUSPICIOUS_MOVE = YES;
				CLANG_WARN_UNGUARDED_AVAILABILITY = YES_AGGRESSIVE;
				CLANG_WARN_UNREACHABLE_CODE = YES;
				CLANG_WARN__DUPLICATE_METHOD_MATCH = YES;
				COPY_PHASE_STRIP = NO;
				DEBUG_INFORMATION_FORMAT = "dwarf-with-dsym";
				DEVELOPMENT_TEAM = 73DSYDWFKP;
				ENABLE_NS_ASSERTIONS = NO;
				ENABLE_STRICT_OBJC_MSGSEND = YES;
				ENABLE_USER_SCRIPT_SANDBOXING = YES;
				GCC_C_LANGUAGE_STANDARD = gnu17;
				GCC_NO_COMMON_BLOCKS = YES;
				GCC_WARN_64_TO_32_BIT_CONVERSION = YES;
				GCC_WARN_ABOUT_RETURN_TYPE = YES_ERROR;
				GCC_WARN_UNDECLARED_SELECTOR = YES;
				GCC_WARN_UNINITIALIZED_AUTOS = YES_AGGRESSIVE;
				GCC_WARN_UNUSED_FUNCTION = YES;
				GCC_WARN_UNUSED_VARIABLE = YES;
				IPHONEOS_DEPLOYMENT_TARGET = 18.4;
				LOCALIZATION_PREFERS_STRING_CATALOGS = YES;
				MTL_ENABLE_DEBUG_INFO = NO;
				MTL_FAST_MATH = YES;
				SDKROOT = iphoneos;
				SWIFT_COMPILATION_MODE = wholemodule;
				VALIDATE_PRODUCT = YES;
			};
			name = Release;
		};
		42BD6B2E2DD93786000A9F6B /* Debug */ = {
			isa = XCBuildConfiguration;
			buildSettings = {
				ASSETCATALOG_COMPILER_APPICON_NAME = AppIcon;
				ASSETCATALOG_COMPILER_GLOBAL_ACCENT_COLOR_NAME = AccentColor;
				CODE_SIGN_STYLE = Automatic;
				CURRENT_PROJECT_VERSION = 1;
				DEVELOPMENT_TEAM = 73DSYDWFKP;
				ENABLE_PREVIEWS = YES;
				GENERATE_INFOPLIST_FILE = YES;
				INFOPLIST_KEY_UIApplicationSceneManifest_Generation = YES;
				INFOPLIST_KEY_UIApplicationSupportsIndirectInputEvents = YES;
				INFOPLIST_KEY_UILaunchScreen_Generation = YES;
				INFOPLIST_KEY_UISupportedInterfaceOrientations_iPad = "UIInterfaceOrientationPortrait UIInterfaceOrientationPortraitUpsideDown UIInterfaceOrientationLandscapeLeft UIInterfaceOrientationLandscapeRight";
				INFOPLIST_KEY_UISupportedInterfaceOrientations_iPhone = "UIInterfaceOrientationPortrait UIInterfaceOrientationLandscapeLeft UIInterfaceOrientationLandscapeRight";
				LD_RUNPATH_SEARCH_PATHS = (
					"$(inherited)",
					"@executable_path/Frameworks",
				);
				MARKETING_VERSION = 1.0;
				PRODUCT_BUNDLE_IDENTIFIER = "DuckDHD.CardWave---Your-Virtual-Business-Card";
				PRODUCT_NAME = "$(TARGET_NAME)";
				SUPPORTED_PLATFORMS = "iphoneos iphonesimulator";
				SUPPORTS_MACCATALYST = NO;
				SUPPORTS_MAC_DESIGNED_FOR_IPHONE_IPAD = NO;
				SUPPORTS_XR_DESIGNED_FOR_IPHONE_IPAD = NO;
				SWIFT_EMIT_LOC_STRINGS = YES;
				SWIFT_VERSION = 5.0;
				TARGETED_DEVICE_FAMILY = "1,2";
			};
			name = Debug;
		};
		42BD6B2F2DD93786000A9F6B /* Release */ = {
			isa = XCBuildConfiguration;
			buildSettings = {
				ASSETCATALOG_COMPILER_APPICON_NAME = AppIcon;
				ASSETCATALOG_COMPILER_GLOBAL_ACCENT_COLOR_NAME = AccentColor;
				CODE_SIGN_STYLE = Automatic;
				CURRENT_PROJECT_VERSION = 1;
				DEVELOPMENT_TEAM = 73DSYDWFKP;
				ENABLE_PREVIEWS = YES;
				GENERATE_INFOPLIST_FILE = YES;
				INFOPLIST_KEY_UIApplicationSceneManifest_Generation = YES;
				INFOPLIST_KEY_UIApplicationSupportsIndirectInputEvents = YES;
				INFOPLIST_KEY_UILaunchScreen_Generation = YES;
				INFOPLIST_KEY_UISupportedInterfaceOrientations_iPad = "UIInterfaceOrientationPortrait UIInterfaceOrientationPortraitUpsideDown UIInterfaceOrientationLandscapeLeft UIInterfaceOrientationLandscapeRight";
				INFOPLIST_KEY_UISupportedInterfaceOrientations_iPhone = "UIInterfaceOrientationPortrait UIInterfaceOrientationLandscapeLeft UIInterfaceOrientationLandscapeRight";
				LD_RUNPATH_SEARCH_PATHS = (
					"$(inherited)",
					"@executable_path/Frameworks",
				);
				MARKETING_VERSION = 1.0;
				PRODUCT_BUNDLE_IDENTIFIER = "DuckDHD.CardWave---Your-Virtual-Business-Card";
				PRODUCT_NAME = "$(TARGET_NAME)";
				SUPPORTED_PLATFORMS = "iphoneos iphonesimulator";
				SUPPORTS_MACCATALYST = NO;
				SUPPORTS_MAC_DESIGNED_FOR_IPHONE_IPAD = NO;
				SUPPORTS_XR_DESIGNED_FOR_IPHONE_IPAD = NO;
				SWIFT_EMIT_LOC_STRINGS = YES;
				SWIFT_VERSION = 5.0;
				TARGETED_DEVICE_FAMILY = "1,2";
			};
			name = Release;
		};
		42BD6B312DD93786000A9F6B /* Debug */ = {
			isa = XCBuildConfiguration;
			buildSettings = {
				BUNDLE_LOADER = "$(TEST_HOST)";
				CODE_SIGN_STYLE = Automatic;
				CURRENT_PROJECT_VERSION = 1;
				DEVELOPMENT_TEAM = 73DSYDWFKP;
				GENERATE_INFOPLIST_FILE = YES;
				IPHONEOS_DEPLOYMENT_TARGET = 18.4;
				MARKETING_VERSION = 1.0;
				PRODUCT_BUNDLE_IDENTIFIER = "DuckDHD.CardWave---Your-Virtual-Business-CardTests";
				PRODUCT_NAME = "$(TARGET_NAME)";
				SWIFT_EMIT_LOC_STRINGS = NO;
				SWIFT_VERSION = 5.0;
				TARGETED_DEVICE_FAMILY = "1,2";
				TEST_HOST = "$(BUILT_PRODUCTS_DIR)/CardWave - Your Virtual Business Card.app/$(BUNDLE_EXECUTABLE_FOLDER_PATH)/CardWave - Your Virtual Business Card";
			};
			name = Debug;
		};
		42BD6B322DD93786000A9F6B /* Release */ = {
			isa = XCBuildConfiguration;
			buildSettings = {
				BUNDLE_LOADER = "$(TEST_HOST)";
				CODE_SIGN_STYLE = Automatic;
				CURRENT_PROJECT_VERSION = 1;
				DEVELOPMENT_TEAM = 73DSYDWFKP;
				GENERATE_INFOPLIST_FILE = YES;
				IPHONEOS_DEPLOYMENT_TARGET = 18.4;
				MARKETING_VERSION = 1.0;
				PRODUCT_BUNDLE_IDENTIFIER = "DuckDHD.CardWave---Your-Virtual-Business-CardTests";
				PRODUCT_NAME = "$(TARGET_NAME)";
				SWIFT_EMIT_LOC_STRINGS = NO;
				SWIFT_VERSION = 5.0;
				TARGETED_DEVICE_FAMILY = "1,2";
				TEST_HOST = "$(BUILT_PRODUCTS_DIR)/CardWave - Your Virtual Business Card.app/$(BUNDLE_EXECUTABLE_FOLDER_PATH)/CardWave - Your Virtual Business Card";
			};
			name = Release;
		};
		42BD6B342DD93786000A9F6B /* Debug */ = {
			isa = XCBuildConfiguration;
			buildSettings = {
				CODE_SIGN_STYLE = Automatic;
				CURRENT_PROJECT_VERSION = 1;
				DEVELOPMENT_TEAM = 73DSYDWFKP;
				GENERATE_INFOPLIST_FILE = YES;
				MARKETING_VERSION = 1.0;
				PRODUCT_BUNDLE_IDENTIFIER = "DuckDHD.CardWave---Your-Virtual-Business-CardUITests";
				PRODUCT_NAME = "$(TARGET_NAME)";
				SWIFT_EMIT_LOC_STRINGS = NO;
				SWIFT_VERSION = 5.0;
				TARGETED_DEVICE_FAMILY = "1,2";
				TEST_TARGET_NAME = "CardWave - Your Virtual Business Card";
			};
			name = Debug;
		};
		42BD6B352DD93786000A9F6B /* Release */ = {
			isa = XCBuildConfiguration;
			buildSettings = {
				CODE_SIGN_STYLE = Automatic;
				CURRENT_PROJECT_VERSION = 1;
				DEVELOPMENT_TEAM = 73DSYDWFKP;
				GENERATE_INFOPLIST_FILE = YES;
				MARKETING_VERSION = 1.0;
				PRODUCT_BUNDLE_IDENTIFIER = "DuckDHD.CardWave---Your-Virtual-Business-CardUITests";
				PRODUCT_NAME = "$(TARGET_NAME)";
				SWIFT_EMIT_LOC_STRINGS = NO;
				SWIFT_VERSION = 5.0;
				TARGETED_DEVICE_FAMILY = "1,2";
				TEST_TARGET_NAME = "CardWave - Your Virtual Business Card";
			};
			name = Release;
		};
/* End XCBuildConfiguration section */

/* Begin XCConfigurationList section */
		42BD6B072DD93784000A9F6B /* Build configuration list for PBXProject "CardWave - Your Virtual Business Card" */ = {
			isa = XCConfigurationList;
			buildConfigurations = (
				42BD6B2B2DD93786000A9F6B /* Debug */,
				42BD6B2C2DD93786000A9F6B /* Release */,
			);
			defaultConfigurationIsVisible = 0;
			defaultConfigurationName = Release;
		};
		42BD6B2D2DD93786000A9F6B /* Build configuration list for PBXNativeTarget "CardWave - Your Virtual Business Card" */ = {
			isa = XCConfigurationList;
			buildConfigurations = (
				42BD6B2E2DD93786000A9F6B /* Debug */,
				42BD6B2F2DD93786000A9F6B /* Release */,
			);
			defaultConfigurationIsVisible = 0;
			defaultConfigurationName = Release;
		};
		42BD6B302DD93786000A9F6B /* Build configuration list for PBXNativeTarget "CardWave - Your Virtual Business CardTests" */ = {
			isa = XCConfigurationList;
			buildConfigurations = (
				42BD6B312DD93786000A9F6B /* Debug */,
				42BD6B322DD93786000A9F6B /* Release */,
			);
			defaultConfigurationIsVisible = 0;
			defaultConfigurationName = Release;
		};
		42BD6B332DD93786000A9F6B /* Build configuration list for PBXNativeTarget "CardWave - Your Virtual Business CardUITests" */ = {
			isa = XCConfigurationList;
			buildConfigurations = (
				42BD6B342DD93786000A9F6B /* Debug */,
				42BD6B352DD93786000A9F6B /* Release */,
			);
			defaultConfigurationIsVisible = 0;
			defaultConfigurationName = Release;
		};
/* End XCConfigurationList section */

/* Begin XCRemoteSwiftPackageReference section */
		42BD6BCB2DD93AB6000A9F6B /* XCRemoteSwiftPackageReference "lottie-ios" */ = {
			isa = XCRemoteSwiftPackageReference;
			repositoryURL = "https://github.com/airbnb/lottie-ios.git";
			requirement = {
				kind = upToNextMajorVersion;
				minimumVersion = 4.5.1;
			};
		};
/* End XCRemoteSwiftPackageReference section */

/* Begin XCSwiftPackageProductDependency section */
		42BD6BCC2DD93AB6000A9F6B /* Lottie */ = {
			isa = XCSwiftPackageProductDependency;
			package = 42BD6BCB2DD93AB6000A9F6B /* XCRemoteSwiftPackageReference "lottie-ios" */;
			productName = Lottie;
		};
/* End XCSwiftPackageProductDependency section */
	};
	rootObject = 42BD6B042DD93784000A9F6B /* Project object */;
}
